
Microsoft Visual Studio Solution File, Format Version 12.00
# Visual Studio Version 17
VisualStudioVersion = 17.14.36414.22 d17.14
MinimumVisualStudioVersion = 10.0.40219.1
Project("{FAE04EC0-301F-11D3-BF4B-00C04F79EFBC}") = "Info Collector", "Info Collector\Info Collector.csproj", "{062D163A-67E5-4BC2-AAA7-25142E19F520}"
EndProject
Global
	GlobalSection(SolutionConfigurationPlatforms) = preSolution
		Debug|Any CPU = Debug|Any CPU
		Release|Any CPU = Release|Any CPU
	EndGlobalSection
	GlobalSection(ProjectConfigurationPlatforms) = postSolution
		{062D163A-67E5-4BC2-AAA7-25142E19F520}.Debug|Any CPU.ActiveCfg = Debug|Any CPU
		{062D163A-67E5-4BC2-AAA7-25142E19F520}.Debug|Any CPU.Build.0 = Debug|Any CPU
		{062D163A-67E5-4BC2-AAA7-25142E19F520}.Release|Any CPU.ActiveCfg = Release|Any CPU
		{062D163A-67E5-4BC2-AAA7-25142E19F520}.Release|Any CPU.Build.0 = Release|Any CPU
	EndGlobalSection
	GlobalSection(SolutionProperties) = preSolution
		HideSolutionNode = FALSE
	EndGlobalSection
	GlobalSection(ExtensibilityGlobals) = postSolution
		SolutionGuid = {3B8ECFF2-5307-4C86-B4B2-4D0FBE7B162F}
	EndGlobalSection
EndGlobal
